github.com/freepk/arrays v0.0.0-20201115224536-c0b06b77e361 h1:EWCjmdp3af3hGIMF8IW6An6IuqCUuVvjXNEp4vvd31o=
github.com/freepk/arrays v0.0.0-20201115224536-c0b06b77e361/go.mod h1:FGFp51ric9IisqRDooV8TA8NTxF+DBgt6mx9UTumcTk=
github.com/freepk/iterator v0.0.0-20190109025744-d3debd6fbf02 h1:WOcYmq1iElrTF48GmAB6KVvY6OMRavgpDPgWiL8PIk4=
github.com/freepk/iterator v0.0.0-20190109025744-d3debd6fbf02/go.mod h1:qiiiXMqPe+FUgBXbqgRw38K4lCDaJH7H4JYVfS0NNa4=
github.com/iGordienko/iterator v0.0.0-20191101103634-88bf762c1bbb h1:OdF7cUC2WZh4xDfKz8reKL8k+65k6kXQ0pBmlvIQAW4=
github.com/iGordienko/iterator v0.0.0-20191101103634-88bf762c1bbb/go.mod h1:2Z0jQK87+tHhg0h3jatYa7D6f9je042OfzQIQOrSbiQ=
